
Microsoft Visual Studio Solution File, Format Version 12.00
# Visual Studio Version 17
VisualStudioVersion = 17.0.32112.339
MinimumVisualStudioVersion = 10.0.40219.1
Project("{FAE04EC0-301F-11D3-BF4B-00C04F79EFBC}") = "Lab 09 Task 2 and 3", "Lab 09 Task 2 and 3.csproj", "{C0A87536-1A97-49B5-A807-634F9D383804}"
EndProject
Global
	GlobalSection(SolutionConfigurationPlatforms) = preSolution
		Debug|Any CPU = Debug|Any CPU
		Release|Any CPU = Release|Any CPU
	EndGlobalSection
	GlobalSection(ProjectConfigurationPlatforms) = postSolution
		{C0A87536-1A97-49B5-A807-634F9D383804}.Debug|Any CPU.ActiveCfg = Debug|Any CPU
		{C0A87536-1A97-49B5-A807-634F9D383804}.Debug|Any CPU.Build.0 = Debug|Any CPU
		{C0A87536-1A97-49B5-A807-634F9D383804}.Release|Any CPU.ActiveCfg = Release|Any CPU
		{C0A87536-1A97-49B5-A807-634F9D383804}.Release|Any CPU.Build.0 = Release|Any CPU
	EndGlobalSection
	GlobalSection(SolutionProperties) = preSolution
		HideSolutionNode = FALSE
	EndGlobalSection
	GlobalSection(ExtensibilityGlobals) = postSolution
		SolutionGuid = {0DFF1009-8644-4034-8176-1FE3F14CA0DF}
	EndGlobalSection
EndGlobal
