
Microsoft Visual Studio Solution File, Format Version 12.00
# Visual Studio Version 17
VisualStudioVersion = 17.0.32014.148
MinimumVisualStudioVersion = 10.0.40219.1
Project("{FAE04EC0-301F-11D3-BF4B-00C04F79EFBC}") = "Lab 07 Student Course Enrollment", "Lab 07 Student Course Enrollment.csproj", "{D0693DB6-75A0-433F-B6FB-A011DCD39756}"
EndProject
Global
	GlobalSection(SolutionConfigurationPlatforms) = preSolution
		Debug|Any CPU = Debug|Any CPU
		Release|Any CPU = Release|Any CPU
	EndGlobalSection
	GlobalSection(ProjectConfigurationPlatforms) = postSolution
		{D0693DB6-75A0-433F-B6FB-A011DCD39756}.Debug|Any CPU.ActiveCfg = Debug|Any CPU
		{D0693DB6-75A0-433F-B6FB-A011DCD39756}.Debug|Any CPU.Build.0 = Debug|Any CPU
		{D0693DB6-75A0-433F-B6FB-A011DCD39756}.Release|Any CPU.ActiveCfg = Release|Any CPU
		{D0693DB6-75A0-433F-B6FB-A011DCD39756}.Release|Any CPU.Build.0 = Release|Any CPU
	EndGlobalSection
	GlobalSection(SolutionProperties) = preSolution
		HideSolutionNode = FALSE
	EndGlobalSection
	GlobalSection(ExtensibilityGlobals) = postSolution
		SolutionGuid = {590BC74D-F226-4A90-8352-2032527BDE1D}
	EndGlobalSection
EndGlobal
