
Microsoft Visual Studio Solution File, Format Version 12.00
# Visual Studio Version 17
VisualStudioVersion = 17.0.32112.339
MinimumVisualStudioVersion = 10.0.40219.1
Project("{FAE04EC0-301F-11D3-BF4B-00C04F79EFBC}") = "Lab 09 Task 1", "Lab 09 Task 1.csproj", "{5EFCA309-5233-4945-83BB-27C66846C941}"
EndProject
Global
	GlobalSection(SolutionConfigurationPlatforms) = preSolution
		Debug|Any CPU = Debug|Any CPU
		Release|Any CPU = Release|Any CPU
	EndGlobalSection
	GlobalSection(ProjectConfigurationPlatforms) = postSolution
		{5EFCA309-5233-4945-83BB-27C66846C941}.Debug|Any CPU.ActiveCfg = Debug|Any CPU
		{5EFCA309-5233-4945-83BB-27C66846C941}.Debug|Any CPU.Build.0 = Debug|Any CPU
		{5EFCA309-5233-4945-83BB-27C66846C941}.Release|Any CPU.ActiveCfg = Release|Any CPU
		{5EFCA309-5233-4945-83BB-27C66846C941}.Release|Any CPU.Build.0 = Release|Any CPU
	EndGlobalSection
	GlobalSection(SolutionProperties) = preSolution
		HideSolutionNode = FALSE
	EndGlobalSection
	GlobalSection(ExtensibilityGlobals) = postSolution
		SolutionGuid = {8BE72E90-6472-401E-83C4-62FFAB503452}
	EndGlobalSection
EndGlobal
